// !$*UTF8*$!
{
	archiveVersion = 1;
	classes = {
	};
	objectVersion = 56;
	objects = {

/* Begin PBXBuildFile section */
		A0C4D32E2BBD5576004B0F1F /* FlightScheduleApp.swift in Sources */ = {isa = PBXBuildFile; fileRef = A0C4D32D2BBD5576004B0F1F /* FlightScheduleApp.swift */; };
		A0C4D3302BBD5576004B0F1F /* Persistence.swift in Sources */ = {isa = PBXBuildFile; fileRef = A0C4D32F2BBD5576004B0F1F /* Persistence.swift */; };
		A0C4D3332BBD5576004B0F1F /* FlightSchedule.xcdatamodeld in Sources */ = {isa = PBXBuildFile; fileRef = A0C4D3312BBD5576004B0F1F /* FlightSchedule.xcdatamodeld */; };
		A0C4D3352BBD5576004B0F1F /* ContentView.swift in Sources */ = {isa = PBXBuildFile; fileRef = A0C4D3342BBD5576004B0F1F /* ContentView.swift */; };
		A0C4D3372BBD5578004B0F1F /* Assets.xcassets in Resources */ = {isa = PBXBuildFile; fileRef = A0C4D3362BBD5578004B0F1F /* Assets.xcassets */; };
		A0C4D33B2BBD5578004B0F1F /* Preview Assets.xcassets in Resources */ = {isa = PBXBuildFile; fileRef = A0C4D33A2BBD5578004B0F1F /* Preview Assets.xcassets */; };
		A0C4D3452BBD5578004B0F1F /* FlightScheduleTests.swift in Sources */ = {isa = PBXBuildFile; fileRef = A0C4D3442BBD5578004B0F1F /* FlightScheduleTests.swift */; };
		A0C4D34F2BBD5578004B0F1F /* FlightScheduleUITests.swift in Sources */ = {isa = PBXBuildFile; fileRef = A0C4D34E2BBD5578004B0F1F /* FlightScheduleUITests.swift */; };
		A0C4D3512BBD5578004B0F1F /* FlightScheduleUITestsLaunchTests.swift in Sources */ = {isa = PBXBuildFile; fileRef = A0C4D3502BBD5578004B0F1F /* FlightScheduleUITestsLaunchTests.swift */; };
		A0C4D3A72BBEA13F004B0F1F /* FlightScheduleWatchApp.swift in Sources */ = {isa = PBXBuildFile; fileRef = A0C4D3A62BBEA13F004B0F1F /* FlightScheduleWatchApp.swift */; };
		A0C4D3A92BBEA140004B0F1F /* ContentView.swift in Sources */ = {isa = PBXBuildFile; fileRef = A0C4D3A82BBEA140004B0F1F /* ContentView.swift */; };
		A0C4D3AB2BBEA143004B0F1F /* Assets.xcassets in Resources */ = {isa = PBXBuildFile; fileRef = A0C4D3AA2BBEA143004B0F1F /* Assets.xcassets */; };
		A0C4D3AE2BBEA143004B0F1F /* Preview Assets.xcassets in Resources */ = {isa = PBXBuildFile; fileRef = A0C4D3AD2BBEA143004B0F1F /* Preview Assets.xcassets */; };
		A0C4D3B82BBEA143004B0F1F /* FlightScheduleWatch_Watch_AppTests.swift in Sources */ = {isa = PBXBuildFile; fileRef = A0C4D3B72BBEA143004B0F1F /* FlightScheduleWatch_Watch_AppTests.swift */; };
		A0C4D3C22BBEA143004B0F1F /* FlightScheduleWatch_Watch_AppUITests.swift in Sources */ = {isa = PBXBuildFile; fileRef = A0C4D3C12BBEA143004B0F1F /* FlightScheduleWatch_Watch_AppUITests.swift */; };
		A0C4D3C42BBEA143004B0F1F /* FlightScheduleWatch_Watch_AppUITestsLaunchTests.swift in Sources */ = {isa = PBXBuildFile; fileRef = A0C4D3C32BBEA143004B0F1F /* FlightScheduleWatch_Watch_AppUITestsLaunchTests.swift */; };
		A0C4D3C72BBEA143004B0F1F /* FlightScheduleWatch Watch App.app in Embed Watch Content */ = {isa = PBXBuildFile; fileRef = A0C4D3A42BBEA13F004B0F1F /* FlightScheduleWatch Watch App.app */; settings = {ATTRIBUTES = (RemoveHeadersOnCopy, ); }; };
		A0C4D3D42BBEAE45004B0F1F /* FlightDataProvider.swift in Sources */ = {isa = PBXBuildFile; fileRef = A0C4D3D32BBEAE45004B0F1F /* FlightDataProvider.swift */; };
		A0C4D3D72BBEB020004B0F1F /* RouteList.swift in Sources */ = {isa = PBXBuildFile; fileRef = A0C4D3D62BBEB020004B0F1F /* RouteList.swift */; };
		A0C4D3D92BBEB04A004B0F1F /* Route.swift in Sources */ = {isa = PBXBuildFile; fileRef = A0C4D3D82BBEB04A004B0F1F /* Route.swift */; };
		A0C4D3DB2BBEB058004B0F1F /* Flight.swift in Sources */ = {isa = PBXBuildFile; fileRef = A0C4D3DA2BBEB058004B0F1F /* Flight.swift */; };
		A0C4D3DE2BBEBDED004B0F1F /* MockFlightDataLoader.swift in Sources */ = {isa = PBXBuildFile; fileRef = A0C4D3DD2BBEBDED004B0F1F /* MockFlightDataLoader.swift */; };
		A0C4D3E02BBEBE57004B0F1F /* MockData.json in Resources */ = {isa = PBXBuildFile; fileRef = A0C4D3DF2BBEBE57004B0F1F /* MockData.json */; };
/* End PBXBuildFile section */

/* Begin PBXContainerItemProxy section */
		A0C4D3412BBD5578004B0F1F /* PBXContainerItemProxy */ = {
			isa = PBXContainerItemProxy;
			containerPortal = A0C4D3222BBD5575004B0F1F /* Project object */;
			proxyType = 1;
			remoteGlobalIDString = A0C4D3292BBD5575004B0F1F;
			remoteInfo = FlightSchedule;
		};
		A0C4D34B2BBD5578004B0F1F /* PBXContainerItemProxy */ = {
			isa = PBXContainerItemProxy;
			containerPortal = A0C4D3222BBD5575004B0F1F /* Project object */;
			proxyType = 1;
			remoteGlobalIDString = A0C4D3292BBD5575004B0F1F;
			remoteInfo = FlightSchedule;
		};
		A0C4D3B42BBEA143004B0F1F /* PBXContainerItemProxy */ = {
			isa = PBXContainerItemProxy;
			containerPortal = A0C4D3222BBD5575004B0F1F /* Project object */;
			proxyType = 1;
			remoteGlobalIDString = A0C4D3A32BBEA13F004B0F1F;
			remoteInfo = "FlightScheduleWatch Watch App";
		};
		A0C4D3BE2BBEA143004B0F1F /* PBXContainerItemProxy */ = {
			isa = PBXContainerItemProxy;
			containerPortal = A0C4D3222BBD5575004B0F1F /* Project object */;
			proxyType = 1;
			remoteGlobalIDString = A0C4D3A32BBEA13F004B0F1F;
			remoteInfo = "FlightScheduleWatch Watch App";
		};
		A0C4D3C52BBEA143004B0F1F /* PBXContainerItemProxy */ = {
			isa = PBXContainerItemProxy;
			containerPortal = A0C4D3222BBD5575004B0F1F /* Project object */;
			proxyType = 1;
			remoteGlobalIDString = A0C4D3A32BBEA13F004B0F1F;
			remoteInfo = "FlightScheduleWatch Watch App";
		};
/* End PBXContainerItemProxy section */

/* Begin PBXCopyFilesBuildPhase section */
		A0C4D3CB2BBEA143004B0F1F /* Embed Watch Content */ = {
			isa = PBXCopyFilesBuildPhase;
			buildActionMask = 2147483647;
			dstPath = "$(CONTENTS_FOLDER_PATH)/Watch";
			dstSubfolderSpec = 16;
			files = (
				A0C4D3C72BBEA143004B0F1F /* FlightScheduleWatch Watch App.app in Embed Watch Content */,
			);
			name = "Embed Watch Content";
			runOnlyForDeploymentPostprocessing = 0;
		};
/* End PBXCopyFilesBuildPhase section */

/* Begin PBXFileReference section */
		A0C4D32A2BBD5576004B0F1F /* FlightSchedule.app */ = {isa = PBXFileReference; explicitFileType = wrapper.application; includeInIndex = 0; path = FlightSchedule.app; sourceTree = BUILT_PRODUCTS_DIR; };
		A0C4D32D2BBD5576004B0F1F /* FlightScheduleApp.swift */ = {isa = PBXFileReference; lastKnownFileType = sourcecode.swift; path = FlightScheduleApp.swift; sourceTree = "<group>"; };
		A0C4D32F2BBD5576004B0F1F /* Persistence.swift */ = {isa = PBXFileReference; lastKnownFileType = sourcecode.swift; path = Persistence.swift; sourceTree = "<group>"; };
		A0C4D3322BBD5576004B0F1F /* FlightSchedule.xcdatamodel */ = {isa = PBXFileReference; lastKnownFileType = wrapper.xcdatamodel; path = FlightSchedule.xcdatamodel; sourceTree = "<group>"; };
		A0C4D3342BBD5576004B0F1F /* ContentView.swift */ = {isa = PBXFileReference; lastKnownFileType = sourcecode.swift; path = ContentView.swift; sourceTree = "<group>"; };
		A0C4D3362BBD5578004B0F1F /* Assets.xcassets */ = {isa = PBXFileReference; lastKnownFileType = folder.assetcatalog; path = Assets.xcassets; sourceTree = "<group>"; };
		A0C4D3382BBD5578004B0F1F /* FlightSchedule.entitlements */ = {isa = PBXFileReference; lastKnownFileType = text.plist.entitlements; path = FlightSchedule.entitlements; sourceTree = "<group>"; };
		A0C4D33A2BBD5578004B0F1F /* Preview Assets.xcassets */ = {isa = PBXFileReference; lastKnownFileType = folder.assetcatalog; path = "Preview Assets.xcassets"; sourceTree = "<group>"; };
		A0C4D3402BBD5578004B0F1F /* FlightScheduleTests.xctest */ = {isa = PBXFileReference; explicitFileType = wrapper.cfbundle; includeInIndex = 0; path = FlightScheduleTests.xctest; sourceTree = BUILT_PRODUCTS_DIR; };
		A0C4D3442BBD5578004B0F1F /* FlightScheduleTests.swift */ = {isa = PBXFileReference; lastKnownFileType = sourcecode.swift; path = FlightScheduleTests.swift; sourceTree = "<group>"; };
		A0C4D34A2BBD5578004B0F1F /* FlightScheduleUITests.xctest */ = {isa = PBXFileReference; explicitFileType = wrapper.cfbundle; includeInIndex = 0; path = FlightScheduleUITests.xctest; sourceTree = BUILT_PRODUCTS_DIR; };
		A0C4D34E2BBD5578004B0F1F /* FlightScheduleUITests.swift */ = {isa = PBXFileReference; lastKnownFileType = sourcecode.swift; path = FlightScheduleUITests.swift; sourceTree = "<group>"; };
		A0C4D3502BBD5578004B0F1F /* FlightScheduleUITestsLaunchTests.swift */ = {isa = PBXFileReference; lastKnownFileType = sourcecode.swift; path = FlightScheduleUITestsLaunchTests.swift; sourceTree = "<group>"; };
		A0C4D3A42BBEA13F004B0F1F /* FlightScheduleWatch Watch App.app */ = {isa = PBXFileReference; explicitFileType = wrapper.application; includeInIndex = 0; path = "FlightScheduleWatch Watch App.app"; sourceTree = BUILT_PRODUCTS_DIR; };
		A0C4D3A62BBEA13F004B0F1F /* FlightScheduleWatchApp.swift */ = {isa = PBXFileReference; lastKnownFileType = sourcecode.swift; path = FlightScheduleWatchApp.swift; sourceTree = "<group>"; };
		A0C4D3A82BBEA140004B0F1F /* ContentView.swift */ = {isa = PBXFileReference; lastKnownFileType = sourcecode.swift; path = ContentView.swift; sourceTree = "<group>"; };
		A0C4D3AA2BBEA143004B0F1F /* Assets.xcassets */ = {isa = PBXFileReference; lastKnownFileType = folder.assetcatalog; path = Assets.xcassets; sourceTree = "<group>"; };
		A0C4D3AD2BBEA143004B0F1F /* Preview Assets.xcassets */ = {isa = PBXFileReference; lastKnownFileType = folder.assetcatalog; path = "Preview Assets.xcassets"; sourceTree = "<group>"; };
		A0C4D3B32BBEA143004B0F1F /* FlightScheduleWatch Watch AppTests.xctest */ = {isa = PBXFileReference; explicitFileType = wrapper.cfbundle; includeInIndex = 0; path = "FlightScheduleWatch Watch AppTests.xctest"; sourceTree = BUILT_PRODUCTS_DIR; };
		A0C4D3B72BBEA143004B0F1F /* FlightScheduleWatch_Watch_AppTests.swift */ = {isa = PBXFileReference; lastKnownFileType = sourcecode.swift; path = FlightScheduleWatch_Watch_AppTests.swift; sourceTree = "<group>"; };
		A0C4D3BD2BBEA143004B0F1F /* FlightScheduleWatch Watch AppUITests.xctest */ = {isa = PBXFileReference; explicitFileType = wrapper.cfbundle; includeInIndex = 0; path = "FlightScheduleWatch Watch AppUITests.xctest"; sourceTree = BUILT_PRODUCTS_DIR; };
		A0C4D3C12BBEA143004B0F1F /* FlightScheduleWatch_Watch_AppUITests.swift */ = {isa = PBXFileReference; lastKnownFileType = sourcecode.swift; path = FlightScheduleWatch_Watch_AppUITests.swift; sourceTree = "<group>"; };
		A0C4D3C32BBEA143004B0F1F /* FlightScheduleWatch_Watch_AppUITestsLaunchTests.swift */ = {isa = PBXFileReference; lastKnownFileType = sourcecode.swift; path = FlightScheduleWatch_Watch_AppUITestsLaunchTests.swift; sourceTree = "<group>"; };
		A0C4D3D32BBEAE45004B0F1F /* FlightDataProvider.swift */ = {isa = PBXFileReference; lastKnownFileType = sourcecode.swift; path = FlightDataProvider.swift; sourceTree = "<group>"; };
		A0C4D3D62BBEB020004B0F1F /* RouteList.swift */ = {isa = PBXFileReference; lastKnownFileType = sourcecode.swift; path = RouteList.swift; sourceTree = "<group>"; };
		A0C4D3D82BBEB04A004B0F1F /* Route.swift */ = {isa = PBXFileReference; lastKnownFileType = sourcecode.swift; path = Route.swift; sourceTree = "<group>"; };
		A0C4D3DA2BBEB058004B0F1F /* Flight.swift */ = {isa = PBXFileReference; lastKnownFileType = sourcecode.swift; path = Flight.swift; sourceTree = "<group>"; };
		A0C4D3DD2BBEBDED004B0F1F /* MockFlightDataLoader.swift */ = {isa = PBXFileReference; lastKnownFileType = sourcecode.swift; path = MockFlightDataLoader.swift; sourceTree = "<group>"; };
		A0C4D3DF2BBEBE57004B0F1F /* MockData.json */ = {isa = PBXFileReference; fileEncoding = 4; lastKnownFileType = text.json; path = MockData.json; sourceTree = "<group>"; };
/* End PBXFileReference section */

/* Begin PBXFrameworksBuildPhase section */
		A0C4D3272BBD5575004B0F1F /* Frameworks */ = {
			isa = PBXFrameworksBuildPhase;
			buildActionMask = 2147483647;
			files = (
			);
			runOnlyForDeploymentPostprocessing = 0;
		};
		A0C4D33D2BBD5578004B0F1F /* Frameworks */ = {
			isa = PBXFrameworksBuildPhase;
			buildActionMask = 2147483647;
			files = (
			);
			runOnlyForDeploymentPostprocessing = 0;
		};
		A0C4D3472BBD5578004B0F1F /* Frameworks */ = {
			isa = PBXFrameworksBuildPhase;
			buildActionMask = 2147483647;
			files = (
			);
			runOnlyForDeploymentPostprocessing = 0;
		};
		A0C4D3A12BBEA13F004B0F1F /* Frameworks */ = {
			isa = PBXFrameworksBuildPhase;
			buildActionMask = 2147483647;
			files = (
			);
			runOnlyForDeploymentPostprocessing = 0;
		};
		A0C4D3B02BBEA143004B0F1F /* Frameworks */ = {
			isa = PBXFrameworksBuildPhase;
			buildActionMask = 2147483647;
			files = (
			);
			runOnlyForDeploymentPostprocessing = 0;
		};
		A0C4D3BA2BBEA143004B0F1F /* Frameworks */ = {
			isa = PBXFrameworksBuildPhase;
			buildActionMask = 2147483647;
			files = (
			);
			runOnlyForDeploymentPostprocessing = 0;
		};
/* End PBXFrameworksBuildPhase section */

/* Begin PBXGroup section */
		A0C4D3212BBD5575004B0F1F = {
			isa = PBXGroup;
			children = (
				A0C4D32C2BBD5576004B0F1F /* FlightSchedule */,
				A0C4D3432BBD5578004B0F1F /* FlightScheduleTests */,
				A0C4D34D2BBD5578004B0F1F /* FlightScheduleUITests */,
				A0C4D3A52BBEA13F004B0F1F /* FlightScheduleWatch Watch App */,
				A0C4D3B62BBEA143004B0F1F /* FlightScheduleWatch Watch AppTests */,
				A0C4D3C02BBEA143004B0F1F /* FlightScheduleWatch Watch AppUITests */,
				A0C4D32B2BBD5576004B0F1F /* Products */,
			);
			sourceTree = "<group>";
		};
		A0C4D32B2BBD5576004B0F1F /* Products */ = {
			isa = PBXGroup;
			children = (
				A0C4D32A2BBD5576004B0F1F /* FlightSchedule.app */,
				A0C4D3402BBD5578004B0F1F /* FlightScheduleTests.xctest */,
				A0C4D34A2BBD5578004B0F1F /* FlightScheduleUITests.xctest */,
				A0C4D3A42BBEA13F004B0F1F /* FlightScheduleWatch Watch App.app */,
				A0C4D3B32BBEA143004B0F1F /* FlightScheduleWatch Watch AppTests.xctest */,
				A0C4D3BD2BBEA143004B0F1F /* FlightScheduleWatch Watch AppUITests.xctest */,
			);
			name = Products;
			sourceTree = "<group>";
		};
		A0C4D32C2BBD5576004B0F1F /* FlightSchedule */ = {
			isa = PBXGroup;
			children = (
				A0C4D3DC2BBEBDCB004B0F1F /* Mocks */,
				A0C4D3D52BBEB00C004B0F1F /* Models */,
				A0C4D3D22BBEAE08004B0F1F /* DataProvider */,
				A0C4D32D2BBD5576004B0F1F /* FlightScheduleApp.swift */,
				A0C4D32F2BBD5576004B0F1F /* Persistence.swift */,
				A0C4D3342BBD5576004B0F1F /* ContentView.swift */,
				A0C4D3362BBD5578004B0F1F /* Assets.xcassets */,
				A0C4D3382BBD5578004B0F1F /* FlightSchedule.entitlements */,
				A0C4D3312BBD5576004B0F1F /* FlightSchedule.xcdatamodeld */,
				A0C4D3392BBD5578004B0F1F /* Preview Content */,
			);
			path = FlightSchedule;
			sourceTree = "<group>";
		};
		A0C4D3392BBD5578004B0F1F /* Preview Content */ = {
			isa = PBXGroup;
			children = (
				A0C4D33A2BBD5578004B0F1F /* Preview Assets.xcassets */,
			);
			path = "Preview Content";
			sourceTree = "<group>";
		};
		A0C4D3432BBD5578004B0F1F /* FlightScheduleTests */ = {
			isa = PBXGroup;
			children = (
				A0C4D3442BBD5578004B0F1F /* FlightScheduleTests.swift */,
			);
			path = FlightScheduleTests;
			sourceTree = "<group>";
		};
		A0C4D34D2BBD5578004B0F1F /* FlightScheduleUITests */ = {
			isa = PBXGroup;
			children = (
				A0C4D34E2BBD5578004B0F1F /* FlightScheduleUITests.swift */,
				A0C4D3502BBD5578004B0F1F /* FlightScheduleUITestsLaunchTests.swift */,
			);
			path = FlightScheduleUITests;
			sourceTree = "<group>";
		};
		A0C4D3A52BBEA13F004B0F1F /* FlightScheduleWatch Watch App */ = {
			isa = PBXGroup;
			children = (
				A0C4D3A62BBEA13F004B0F1F /* FlightScheduleWatchApp.swift */,
				A0C4D3A82BBEA140004B0F1F /* ContentView.swift */,
				A0C4D3AA2BBEA143004B0F1F /* Assets.xcassets */,
				A0C4D3AC2BBEA143004B0F1F /* Preview Content */,
			);
			path = "FlightScheduleWatch Watch App";
			sourceTree = "<group>";
		};
		A0C4D3AC2BBEA143004B0F1F /* Preview Content */ = {
			isa = PBXGroup;
			children = (
				A0C4D3AD2BBEA143004B0F1F /* Preview Assets.xcassets */,
			);
			path = "Preview Content";
			sourceTree = "<group>";
		};
		A0C4D3B62BBEA143004B0F1F /* FlightScheduleWatch Watch AppTests */ = {
			isa = PBXGroup;
			children = (
				A0C4D3B72BBEA143004B0F1F /* FlightScheduleWatch_Watch_AppTests.swift */,
			);
			path = "FlightScheduleWatch Watch AppTests";
			sourceTree = "<group>";
		};
		A0C4D3C02BBEA143004B0F1F /* FlightScheduleWatch Watch AppUITests */ = {
			isa = PBXGroup;
			children = (
				A0C4D3C12BBEA143004B0F1F /* FlightScheduleWatch_Watch_AppUITests.swift */,
				A0C4D3C32BBEA143004B0F1F /* FlightScheduleWatch_Watch_AppUITestsLaunchTests.swift */,
			);
			path = "FlightScheduleWatch Watch AppUITests";
			sourceTree = "<group>";
		};
		A0C4D3D22BBEAE08004B0F1F /* DataProvider */ = {
			isa = PBXGroup;
			children = (
				A0C4D3D32BBEAE45004B0F1F /* FlightDataProvider.swift */,
			);
			path = DataProvider;
			sourceTree = "<group>";
		};
		A0C4D3D52BBEB00C004B0F1F /* Models */ = {
			isa = PBXGroup;
			children = (
				A0C4D3D62BBEB020004B0F1F /* RouteList.swift */,
				A0C4D3D82BBEB04A004B0F1F /* Route.swift */,
				A0C4D3DA2BBEB058004B0F1F /* Flight.swift */,
			);
			path = Models;
			sourceTree = "<group>";
		};
		A0C4D3DC2BBEBDCB004B0F1F /* Mocks */ = {
			isa = PBXGroup;
			children = (
				A0C4D3DD2BBEBDED004B0F1F /* MockFlightDataLoader.swift */,
				A0C4D3DF2BBEBE57004B0F1F /* MockData.json */,
			);
			path = Mocks;
			sourceTree = "<group>";
		};
/* End PBXGroup section */

/* Begin PBXNativeTarget section */
		A0C4D3292BBD5575004B0F1F /* FlightSchedule */ = {
			isa = PBXNativeTarget;
			buildConfigurationList = A0C4D3542BBD5578004B0F1F /* Build configuration list for PBXNativeTarget "FlightSchedule" */;
			buildPhases = (
				A0C4D3262BBD5575004B0F1F /* Sources */,
				A0C4D3272BBD5575004B0F1F /* Frameworks */,
				A0C4D3282BBD5575004B0F1F /* Resources */,
				A0C4D3CB2BBEA143004B0F1F /* Embed Watch Content */,
			);
			buildRules = (
			);
			dependencies = (
				A0C4D3C62BBEA143004B0F1F /* PBXTargetDependency */,
			);
			name = FlightSchedule;
			productName = FlightSchedule;
			productReference = A0C4D32A2BBD5576004B0F1F /* FlightSchedule.app */;
			productType = "com.apple.product-type.application";
		};
		A0C4D33F2BBD5578004B0F1F /* FlightScheduleTests */ = {
			isa = PBXNativeTarget;
			buildConfigurationList = A0C4D3572BBD5578004B0F1F /* Build configuration list for PBXNativeTarget "FlightScheduleTests" */;
			buildPhases = (
				A0C4D33C2BBD5578004B0F1F /* Sources */,
				A0C4D33D2BBD5578004B0F1F /* Frameworks */,
				A0C4D33E2BBD5578004B0F1F /* Resources */,
			);
			buildRules = (
			);
			dependencies = (
				A0C4D3422BBD5578004B0F1F /* PBXTargetDependency */,
			);
			name = FlightScheduleTests;
			productName = FlightScheduleTests;
			productReference = A0C4D3402BBD5578004B0F1F /* FlightScheduleTests.xctest */;
			productType = "com.apple.product-type.bundle.unit-test";
		};
		A0C4D3492BBD5578004B0F1F /* FlightScheduleUITests */ = {
			isa = PBXNativeTarget;
			buildConfigurationList = A0C4D35A2BBD5578004B0F1F /* Build configuration list for PBXNativeTarget "FlightScheduleUITests" */;
			buildPhases = (
				A0C4D3462BBD5578004B0F1F /* Sources */,
				A0C4D3472BBD5578004B0F1F /* Frameworks */,
				A0C4D3482BBD5578004B0F1F /* Resources */,
			);
			buildRules = (
			);
			dependencies = (
				A0C4D34C2BBD5578004B0F1F /* PBXTargetDependency */,
			);
			name = FlightScheduleUITests;
			productName = FlightScheduleUITests;
			productReference = A0C4D34A2BBD5578004B0F1F /* FlightScheduleUITests.xctest */;
			productType = "com.apple.product-type.bundle.ui-testing";
		};
		A0C4D3A32BBEA13F004B0F1F /* FlightScheduleWatch Watch App */ = {
			isa = PBXNativeTarget;
			buildConfigurationList = A0C4D3C82BBEA143004B0F1F /* Build configuration list for PBXNativeTarget "FlightScheduleWatch Watch App" */;
			buildPhases = (
				A0C4D3A02BBEA13F004B0F1F /* Sources */,
				A0C4D3A12BBEA13F004B0F1F /* Frameworks */,
				A0C4D3A22BBEA13F004B0F1F /* Resources */,
			);
			buildRules = (
			);
			dependencies = (
			);
			name = "FlightScheduleWatch Watch App";
			productName = "FlightScheduleWatch Watch App";
			productReference = A0C4D3A42BBEA13F004B0F1F /* FlightScheduleWatch Watch App.app */;
			productType = "com.apple.product-type.application";
		};
		A0C4D3B22BBEA143004B0F1F /* FlightScheduleWatch Watch AppTests */ = {
			isa = PBXNativeTarget;
			buildConfigurationList = A0C4D3CC2BBEA143004B0F1F /* Build configuration list for PBXNativeTarget "FlightScheduleWatch Watch AppTests" */;
			buildPhases = (
				A0C4D3AF2BBEA143004B0F1F /* Sources */,
				A0C4D3B02BBEA143004B0F1F /* Frameworks */,
				A0C4D3B12BBEA143004B0F1F /* Resources */,
			);
			buildRules = (
			);
			dependencies = (
				A0C4D3B52BBEA143004B0F1F /* PBXTargetDependency */,
			);
			name = "FlightScheduleWatch Watch AppTests";
			productName = "FlightScheduleWatch Watch AppTests";
			productReference = A0C4D3B32BBEA143004B0F1F /* FlightScheduleWatch Watch AppTests.xctest */;
			productType = "com.apple.product-type.bundle.unit-test";
		};
		A0C4D3BC2BBEA143004B0F1F /* FlightScheduleWatch Watch AppUITests */ = {
			isa = PBXNativeTarget;
			buildConfigurationList = A0C4D3CF2BBEA143004B0F1F /* Build configuration list for PBXNativeTarget "FlightScheduleWatch Watch AppUITests" */;
			buildPhases = (
				A0C4D3B92BBEA143004B0F1F /* Sources */,
				A0C4D3BA2BBEA143004B0F1F /* Frameworks */,
				A0C4D3BB2BBEA143004B0F1F /* Resources */,
			);
			buildRules = (
			);
			dependencies = (
				A0C4D3BF2BBEA143004B0F1F /* PBXTargetDependency */,
			);
			name = "FlightScheduleWatch Watch AppUITests";
			productName = "FlightScheduleWatch Watch AppUITests";
			productReference = A0C4D3BD2BBEA143004B0F1F /* FlightScheduleWatch Watch AppUITests.xctest */;
			productType = "com.apple.product-type.bundle.ui-testing";
		};
/* End PBXNativeTarget section */

/* Begin PBXProject section */
		A0C4D3222BBD5575004B0F1F /* Project object */ = {
			isa = PBXProject;
			attributes = {
				BuildIndependentTargetsInParallel = 1;
				LastSwiftUpdateCheck = 1530;
				LastUpgradeCheck = 1530;
				TargetAttributes = {
					A0C4D3292BBD5575004B0F1F = {
						CreatedOnToolsVersion = 15.3;
					};
					A0C4D33F2BBD5578004B0F1F = {
						CreatedOnToolsVersion = 15.3;
						TestTargetID = A0C4D3292BBD5575004B0F1F;
					};
					A0C4D3492BBD5578004B0F1F = {
						CreatedOnToolsVersion = 15.3;
						TestTargetID = A0C4D3292BBD5575004B0F1F;
					};
					A0C4D3A32BBEA13F004B0F1F = {
						CreatedOnToolsVersion = 15.3;
					};
					A0C4D3B22BBEA143004B0F1F = {
						CreatedOnToolsVersion = 15.3;
						TestTargetID = A0C4D3A32BBEA13F004B0F1F;
					};
					A0C4D3BC2BBEA143004B0F1F = {
						CreatedOnToolsVersion = 15.3;
						TestTargetID = A0C4D3A32BBEA13F004B0F1F;
					};
				};
			};
			buildConfigurationList = A0C4D3252BBD5575004B0F1F /* Build configuration list for PBXProject "FlightSchedule" */;
			compatibilityVersion = "Xcode 14.0";
			developmentRegion = en;
			hasScannedForEncodings = 0;
			knownRegions = (
				en,
				Base,
			);
			mainGroup = A0C4D3212BBD5575004B0F1F;
			productRefGroup = A0C4D32B2BBD5576004B0F1F /* Products */;
			projectDirPath = "";
			projectRoot = "";
			targets = (
				A0C4D3292BBD5575004B0F1F /* FlightSchedule */,
				A0C4D33F2BBD5578004B0F1F /* FlightScheduleTests */,
				A0C4D3492BBD5578004B0F1F /* FlightScheduleUITests */,
				A0C4D3A32BBEA13F004B0F1F /* FlightScheduleWatch Watch App */,
				A0C4D3B22BBEA143004B0F1F /* FlightScheduleWatch Watch AppTests */,
				A0C4D3BC2BBEA143004B0F1F /* FlightScheduleWatch Watch AppUITests */,
			);
		};
/* End PBXProject section */

/* Begin PBXResourcesBuildPhase section */
		A0C4D3282BBD5575004B0F1F /* Resources */ = {
			isa = PBXResourcesBuildPhase;
			buildActionMask = 2147483647;
			files = (
				A0C4D33B2BBD5578004B0F1F /* Preview Assets.xcassets in Resources */,
				A0C4D3372BBD5578004B0F1F /* Assets.xcassets in Resources */,
				A0C4D3E02BBEBE57004B0F1F /* MockData.json in Resources */,
			);
			runOnlyForDeploymentPostprocessing = 0;
		};
		A0C4D33E2BBD5578004B0F1F /* Resources */ = {
			isa = PBXResourcesBuildPhase;
			buildActionMask = 2147483647;
			files = (
			);
			runOnlyForDeploymentPostprocessing = 0;
		};
		A0C4D3482BBD5578004B0F1F /* Resources */ = {
			isa = PBXResourcesBuildPhase;
			buildActionMask = 2147483647;
			files = (
			);
			runOnlyForDeploymentPostprocessing = 0;
		};
		A0C4D3A22BBEA13F004B0F1F /* Resources */ = {
			isa = PBXResourcesBuildPhase;
			buildActionMask = 2147483647;
			files = (
				A0C4D3AE2BBEA143004B0F1F /* Preview Assets.xcassets in Resources */,
				A0C4D3AB2BBEA143004B0F1F /* Assets.xcassets in Resources */,
			);
			runOnlyForDeploymentPostprocessing = 0;
		};
		A0C4D3B12BBEA143004B0F1F /* Resources */ = {
			isa = PBXResourcesBuildPhase;
			buildActionMask = 2147483647;
			files = (
			);
			runOnlyForDeploymentPostprocessing = 0;
		};
		A0C4D3BB2BBEA143004B0F1F /* Resources */ = {
			isa = PBXResourcesBuildPhase;
			buildActionMask = 2147483647;
			files = (
			);
			runOnlyForDeploymentPostprocessing = 0;
		};
/* End PBXResourcesBuildPhase section */

/* Begin PBXSourcesBuildPhase section */
		A0C4D3262BBD5575004B0F1F /* Sources */ = {
			isa = PBXSourcesBuildPhase;
			buildActionMask = 2147483647;
			files = (
				A0C4D32E2BBD5576004B0F1F /* FlightScheduleApp.swift in Sources */,
				A0C4D3332BBD5576004B0F1F /* FlightSchedule.xcdatamodeld in Sources */,
				A0C4D3352BBD5576004B0F1F /* ContentView.swift in Sources */,
				A0C4D3D72BBEB020004B0F1F /* RouteList.swift in Sources */,
				A0C4D3D42BBEAE45004B0F1F /* FlightDataProvider.swift in Sources */,
				A0C4D3DE2BBEBDED004B0F1F /* MockFlightDataLoader.swift in Sources */,
				A0C4D3DB2BBEB058004B0F1F /* Flight.swift in Sources */,
				A0C4D3D92BBEB04A004B0F1F /* Route.swift in Sources */,
				A0C4D3302BBD5576004B0F1F /* Persistence.swift in Sources */,
			);
			runOnlyForDeploymentPostprocessing = 0;
		};
		A0C4D33C2BBD5578004B0F1F /* Sources */ = {
			isa = PBXSourcesBuildPhase;
			buildActionMask = 2147483647;
			files = (
				A0C4D3452BBD5578004B0F1F /* FlightScheduleTests.swift in Sources */,
			);
			runOnlyForDeploymentPostprocessing = 0;
		};
		A0C4D3462BBD5578004B0F1F /* Sources */ = {
			isa = PBXSourcesBuildPhase;
			buildActionMask = 2147483647;
			files = (
				A0C4D34F2BBD5578004B0F1F /* FlightScheduleUITests.swift in Sources */,
				A0C4D3512BBD5578004B0F1F /* FlightScheduleUITestsLaunchTests.swift in Sources */,
			);
			runOnlyForDeploymentPostprocessing = 0;
		};
		A0C4D3A02BBEA13F004B0F1F /* Sources */ = {
			isa = PBXSourcesBuildPhase;
			buildActionMask = 2147483647;
			files = (
				A0C4D3A92BBEA140004B0F1F /* ContentView.swift in Sources */,
				A0C4D3A72BBEA13F004B0F1F /* FlightScheduleWatchApp.swift in Sources */,
			);
			runOnlyForDeploymentPostprocessing = 0;
		};
		A0C4D3AF2BBEA143004B0F1F /* Sources */ = {
			isa = PBXSourcesBuildPhase;
			buildActionMask = 2147483647;
			files = (
				A0C4D3B82BBEA143004B0F1F /* FlightScheduleWatch_Watch_AppTests.swift in Sources */,
			);
			runOnlyForDeploymentPostprocessing = 0;
		};
		A0C4D3B92BBEA143004B0F1F /* Sources */ = {
			isa = PBXSourcesBuildPhase;
			buildActionMask = 2147483647;
			files = (
				A0C4D3C22BBEA143004B0F1F /* FlightScheduleWatch_Watch_AppUITests.swift in Sources */,
				A0C4D3C42BBEA143004B0F1F /* FlightScheduleWatch_Watch_AppUITestsLaunchTests.swift in Sources */,
			);
			runOnlyForDeploymentPostprocessing = 0;
		};
/* End PBXSourcesBuildPhase section */

/* Begin PBXTargetDependency section */
		A0C4D3422BBD5578004B0F1F /* PBXTargetDependency */ = {
			isa = PBXTargetDependency;
			target = A0C4D3292BBD5575004B0F1F /* FlightSchedule */;
			targetProxy = A0C4D3412BBD5578004B0F1F /* PBXContainerItemProxy */;
		};
		A0C4D34C2BBD5578004B0F1F /* PBXTargetDependency */ = {
			isa = PBXTargetDependency;
			target = A0C4D3292BBD5575004B0F1F /* FlightSchedule */;
			targetProxy = A0C4D34B2BBD5578004B0F1F /* PBXContainerItemProxy */;
		};
		A0C4D3B52BBEA143004B0F1F /* PBXTargetDependency */ = {
			isa = PBXTargetDependency;
			target = A0C4D3A32BBEA13F004B0F1F /* FlightScheduleWatch Watch App */;
			targetProxy = A0C4D3B42BBEA143004B0F1F /* PBXContainerItemProxy */;
		};
		A0C4D3BF2BBEA143004B0F1F /* PBXTargetDependency */ = {
			isa = PBXTargetDependency;
			target = A0C4D3A32BBEA13F004B0F1F /* FlightScheduleWatch Watch App */;
			targetProxy = A0C4D3BE2BBEA143004B0F1F /* PBXContainerItemProxy */;
		};
		A0C4D3C62BBEA143004B0F1F /* PBXTargetDependency */ = {
			isa = PBXTargetDependency;
			target = A0C4D3A32BBEA13F004B0F1F /* FlightScheduleWatch Watch App */;
			targetProxy = A0C4D3C52BBEA143004B0F1F /* PBXContainerItemProxy */;
		};
/* End PBXTargetDependency section */

/* Begin XCBuildConfiguration section */
		A0C4D3522BBD5578004B0F1F /* Debug */ = {
			isa = XCBuildConfiguration;
			buildSettings = {
				ALWAYS_SEARCH_USER_PATHS = NO;
				ASSETCATALOG_COMPILER_GENERATE_SWIFT_ASSET_SYMBOL_EXTENSIONS = YES;
				CLANG_ANALYZER_NONNULL = YES;
				CLANG_ANALYZER_NUMBER_OBJECT_CONVERSION = YES_AGGRESSIVE;
				CLANG_CXX_LANGUAGE_STANDARD = "gnu++20";
				CLANG_ENABLE_MODULES = YES;
				CLANG_ENABLE_OBJC_ARC = YES;
				CLANG_ENABLE_OBJC_WEAK = YES;
				CLANG_WARN_BLOCK_CAPTURE_AUTORELEASING = YES;
				CLANG_WARN_BOOL_CONVERSION = YES;
				CLANG_WARN_COMMA = YES;
				CLANG_WARN_CONSTANT_CONVERSION = YES;
				CLANG_WARN_DEPRECATED_OBJC_IMPLEMENTATIONS = YES;
				CLANG_WARN_DIRECT_OBJC_ISA_USAGE = YES_ERROR;
				CLANG_WARN_DOCUMENTATION_COMMENTS = YES;
				CLANG_WARN_EMPTY_BODY = YES;
				CLANG_WARN_ENUM_CONVERSION = YES;
				CLANG_WARN_INFINITE_RECURSION = YES;
				CLANG_WARN_INT_CONVERSION = YES;
				CLANG_WARN_NON_LITERAL_NULL_CONVERSION = YES;
				CLANG_WARN_OBJC_IMPLICIT_RETAIN_SELF = YES;
				CLANG_WARN_OBJC_LITERAL_CONVERSION = YES;
				CLANG_WARN_OBJC_ROOT_CLASS = YES_ERROR;
				CLANG_WARN_QUOTED_INCLUDE_IN_FRAMEWORK_HEADER = YES;
				CLANG_WARN_RANGE_LOOP_ANALYSIS = YES;
				CLANG_WARN_STRICT_PROTOTYPES = YES;
				CLANG_WARN_SUSPICIOUS_MOVE = YES;
				CLANG_WARN_UNGUARDED_AVAILABILITY = YES_AGGRESSIVE;
				CLANG_WARN_UNREACHABLE_CODE = YES;
				CLANG_WARN__DUPLICATE_METHOD_MATCH = YES;
				COPY_PHASE_STRIP = NO;
				DEBUG_INFORMATION_FORMAT = dwarf;
				ENABLE_STRICT_OBJC_MSGSEND = YES;
				ENABLE_TESTABILITY = YES;
				ENABLE_USER_SCRIPT_SANDBOXING = YES;
				GCC_C_LANGUAGE_STANDARD = gnu17;
				GCC_DYNAMIC_NO_PIC = NO;
				GCC_NO_COMMON_BLOCKS = YES;
				GCC_OPTIMIZATION_LEVEL = 0;
				GCC_PREPROCESSOR_DEFINITIONS = (
					"DEBUG=1",
					"$(inherited)",
				);
				GCC_WARN_64_TO_32_BIT_CONVERSION = YES;
				GCC_WARN_ABOUT_RETURN_TYPE = YES_ERROR;
				GCC_WARN_UNDECLARED_SELECTOR = YES;
				GCC_WARN_UNINITIALIZED_AUTOS = YES_AGGRESSIVE;
				GCC_WARN_UNUSED_FUNCTION = YES;
				GCC_WARN_UNUSED_VARIABLE = YES;
				LOCALIZATION_PREFERS_STRING_CATALOGS = YES;
				MTL_ENABLE_DEBUG_INFO = INCLUDE_SOURCE;
				MTL_FAST_MATH = YES;
				ONLY_ACTIVE_ARCH = YES;
				SWIFT_ACTIVE_COMPILATION_CONDITIONS = "DEBUG $(inherited)";
				SWIFT_OPTIMIZATION_LEVEL = "-Onone";
			};
			name = Debug;
		};
		A0C4D3532BBD5578004B0F1F /* Release */ = {
			isa = XCBuildConfiguration;
			buildSettings = {
				ALWAYS_SEARCH_USER_PATHS = NO;
				ASSETCATALOG_COMPILER_GENERATE_SWIFT_ASSET_SYMBOL_EXTENSIONS = YES;
				CLANG_ANALYZER_NONNULL = YES;
				CLANG_ANALYZER_NUMBER_OBJECT_CONVERSION = YES_AGGRESSIVE;
				CLANG_CXX_LANGUAGE_STANDARD = "gnu++20";
				CLANG_ENABLE_MODULES = YES;
				CLANG_ENABLE_OBJC_ARC = YES;
				CLANG_ENABLE_OBJC_WEAK = YES;
				CLANG_WARN_BLOCK_CAPTURE_AUTORELEASING = YES;
				CLANG_WARN_BOOL_CONVERSION = YES;
				CLANG_WARN_COMMA = YES;
				CLANG_WARN_CONSTANT_CONVERSION = YES;
				CLANG_WARN_DEPRECATED_OBJC_IMPLEMENTATIONS = YES;
				CLANG_WARN_DIRECT_OBJC_ISA_USAGE = YES_ERROR;
				CLANG_WARN_DOCUMENTATION_COMMENTS = YES;
				CLANG_WARN_EMPTY_BODY = YES;
				CLANG_WARN_ENUM_CONVERSION = YES;
				CLANG_WARN_INFINITE_RECURSION = YES;
				CLANG_WARN_INT_CONVERSION = YES;
				CLANG_WARN_NON_LITERAL_NULL_CONVERSION = YES;
				CLANG_WARN_OBJC_IMPLICIT_RETAIN_SELF = YES;
				CLANG_WARN_OBJC_LITERAL_CONVERSION = YES;
				CLANG_WARN_OBJC_ROOT_CLASS = YES_ERROR;
				CLANG_WARN_QUOTED_INCLUDE_IN_FRAMEWORK_HEADER = YES;
				CLANG_WARN_RANGE_LOOP_ANALYSIS = YES;
				CLANG_WARN_STRICT_PROTOTYPES = YES;
				CLANG_WARN_SUSPICIOUS_MOVE = YES;
				CLANG_WARN_UNGUARDED_AVAILABILITY = YES_AGGRESSIVE;
				CLANG_WARN_UNREACHABLE_CODE = YES;
				CLANG_WARN__DUPLICATE_METHOD_MATCH = YES;
				COPY_PHASE_STRIP = NO;
				DEBUG_INFORMATION_FORMAT = "dwarf-with-dsym";
				ENABLE_NS_ASSERTIONS = NO;
				ENABLE_STRICT_OBJC_MSGSEND = YES;
				ENABLE_USER_SCRIPT_SANDBOXING = YES;
				GCC_C_LANGUAGE_STANDARD = gnu17;
				GCC_NO_COMMON_BLOCKS = YES;
				GCC_WARN_64_TO_32_BIT_CONVERSION = YES;
				GCC_WARN_ABOUT_RETURN_TYPE = YES_ERROR;
				GCC_WARN_UNDECLARED_SELECTOR = YES;
				GCC_WARN_UNINITIALIZED_AUTOS = YES_AGGRESSIVE;
				GCC_WARN_UNUSED_FUNCTION = YES;
				GCC_WARN_UNUSED_VARIABLE = YES;
				LOCALIZATION_PREFERS_STRING_CATALOGS = YES;
				MTL_ENABLE_DEBUG_INFO = NO;
				MTL_FAST_MATH = YES;
				SWIFT_COMPILATION_MODE = wholemodule;
			};
			name = Release;
		};
		A0C4D3552BBD5578004B0F1F /* Debug */ = {
			isa = XCBuildConfiguration;
			buildSettings = {
				ALWAYS_EMBED_SWIFT_STANDARD_LIBRARIES = YES;
				ASSETCATALOG_COMPILER_APPICON_NAME = AppIcon;
				ASSETCATALOG_COMPILER_GLOBAL_ACCENT_COLOR_NAME = AccentColor;
				CODE_SIGN_ENTITLEMENTS = FlightSchedule/FlightSchedule.entitlements;
				CODE_SIGN_STYLE = Automatic;
				CURRENT_PROJECT_VERSION = 1;
				DEVELOPMENT_ASSET_PATHS = "\"FlightSchedule/Preview Content\"";
				DEVELOPMENT_TEAM = 93FK67534U;
				ENABLE_HARDENED_RUNTIME = YES;
				ENABLE_PREVIEWS = YES;
				GENERATE_INFOPLIST_FILE = YES;
				INFOPLIST_KEY_CFBundleDisplayName = FZFlights;
				INFOPLIST_KEY_LSApplicationCategoryType = "public.app-category.travel";
				"INFOPLIST_KEY_UIApplicationSceneManifest_Generation[sdk=iphoneos*]" = YES;
				"INFOPLIST_KEY_UIApplicationSceneManifest_Generation[sdk=iphonesimulator*]" = YES;
				"INFOPLIST_KEY_UIApplicationSupportsIndirectInputEvents[sdk=iphoneos*]" = YES;
				"INFOPLIST_KEY_UIApplicationSupportsIndirectInputEvents[sdk=iphonesimulator*]" = YES;
				"INFOPLIST_KEY_UILaunchScreen_Generation[sdk=iphoneos*]" = YES;
				"INFOPLIST_KEY_UILaunchScreen_Generation[sdk=iphonesimulator*]" = YES;
				"INFOPLIST_KEY_UIStatusBarStyle[sdk=iphoneos*]" = UIStatusBarStyleDefault;
				"INFOPLIST_KEY_UIStatusBarStyle[sdk=iphonesimulator*]" = UIStatusBarStyleDefault;
				INFOPLIST_KEY_UISupportedInterfaceOrientations_iPad = "UIInterfaceOrientationPortrait UIInterfaceOrientationPortraitUpsideDown UIInterfaceOrientationLandscapeLeft UIInterfaceOrientationLandscapeRight";
				INFOPLIST_KEY_UISupportedInterfaceOrientations_iPhone = "UIInterfaceOrientationPortrait UIInterfaceOrientationLandscapeLeft UIInterfaceOrientationLandscapeRight";
				IPHONEOS_DEPLOYMENT_TARGET = 17.4;
				LD_RUNPATH_SEARCH_PATHS = "@executable_path/Frameworks";
				"LD_RUNPATH_SEARCH_PATHS[sdk=macosx*]" = "@executable_path/../Frameworks";
				MACOSX_DEPLOYMENT_TARGET = 14.2;
				MARKETING_VERSION = 1.0;
				PRODUCT_BUNDLE_IDENTIFIER = com.fz.FlightSchedule;
				PRODUCT_NAME = "$(TARGET_NAME)";
				SDKROOT = auto;
				SUPPORTED_PLATFORMS = "iphoneos iphonesimulator macosx";
				SWIFT_EMIT_LOC_STRINGS = YES;
				SWIFT_VERSION = 5.0;
				TARGETED_DEVICE_FAMILY = "1,2";
			};
			name = Debug;
		};
		A0C4D3562BBD5578004B0F1F /* Release */ = {
			isa = XCBuildConfiguration;
			buildSettings = {
				ALWAYS_EMBED_SWIFT_STANDARD_LIBRARIES = YES;
				ASSETCATALOG_COMPILER_APPICON_NAME = AppIcon;
				ASSETCATALOG_COMPILER_GLOBAL_ACCENT_COLOR_NAME = AccentColor;
				CODE_SIGN_ENTITLEMENTS = FlightSchedule/FlightSchedule.entitlements;
				CODE_SIGN_STYLE = Automatic;
				CURRENT_PROJECT_VERSION = 1;
				DEVELOPMENT_ASSET_PATHS = "\"FlightSchedule/Preview Content\"";
				DEVELOPMENT_TEAM = 93FK67534U;
				ENABLE_HARDENED_RUNTIME = YES;
				ENABLE_PREVIEWS = YES;
				GENERATE_INFOPLIST_FILE = YES;
				INFOPLIST_KEY_CFBundleDisplayName = FZFlights;
				INFOPLIST_KEY_LSApplicationCategoryType = "public.app-category.travel";
				"INFOPLIST_KEY_UIApplicationSceneManifest_Generation[sdk=iphoneos*]" = YES;
				"INFOPLIST_KEY_UIApplicationSceneManifest_Generation[sdk=iphonesimulator*]" = YES;
				"INFOPLIST_KEY_UIApplicationSupportsIndirectInputEvents[sdk=iphoneos*]" = YES;
				"INFOPLIST_KEY_UIApplicationSupportsIndirectInputEvents[sdk=iphonesimulator*]" = YES;
				"INFOPLIST_KEY_UILaunchScreen_Generation[sdk=iphoneos*]" = YES;
				"INFOPLIST_KEY_UILaunchScreen_Generation[sdk=iphonesimulator*]" = YES;
				"INFOPLIST_KEY_UIStatusBarStyle[sdk=iphoneos*]" = UIStatusBarStyleDefault;
				"INFOPLIST_KEY_UIStatusBarStyle[sdk=iphonesimulator*]" = UIStatusBarStyleDefault;
				INFOPLIST_KEY_UISupportedInterfaceOrientations_iPad = "UIInterfaceOrientationPortrait UIInterfaceOrientationPortraitUpsideDown UIInterfaceOrientationLandscapeLeft UIInterfaceOrientationLandscapeRight";
				INFOPLIST_KEY_UISupportedInterfaceOrientations_iPhone = "UIInterfaceOrientationPortrait UIInterfaceOrientationLandscapeLeft UIInterfaceOrientationLandscapeRight";
				IPHONEOS_DEPLOYMENT_TARGET = 17.4;
				LD_RUNPATH_SEARCH_PATHS = "@executable_path/Frameworks";
				"LD_RUNPATH_SEARCH_PATHS[sdk=macosx*]" = "@executable_path/../Frameworks";
				MACOSX_DEPLOYMENT_TARGET = 14.2;
				MARKETING_VERSION = 1.0;
				PRODUCT_BUNDLE_IDENTIFIER = com.fz.FlightSchedule;
				PRODUCT_NAME = "$(TARGET_NAME)";
				SDKROOT = auto;
				SUPPORTED_PLATFORMS = "iphoneos iphonesimulator macosx";
				SWIFT_EMIT_LOC_STRINGS = YES;
				SWIFT_VERSION = 5.0;
				TARGETED_DEVICE_FAMILY = "1,2";
			};
			name = Release;
		};
		A0C4D3582BBD5578004B0F1F /* Debug */ = {
			isa = XCBuildConfiguration;
			buildSettings = {
				ALWAYS_EMBED_SWIFT_STANDARD_LIBRARIES = YES;
				BUNDLE_LOADER = "$(TEST_HOST)";
				CODE_SIGN_STYLE = Automatic;
				CURRENT_PROJECT_VERSION = 1;
				DEVELOPMENT_TEAM = 93FK67534U;
				GENERATE_INFOPLIST_FILE = YES;
				IPHONEOS_DEPLOYMENT_TARGET = 17.4;
				MACOSX_DEPLOYMENT_TARGET = 14.2;
				MARKETING_VERSION = 1.0;
				PRODUCT_BUNDLE_IDENTIFIER = com.fz.FlightScheduleTests;
				PRODUCT_NAME = "$(TARGET_NAME)";
				SDKROOT = auto;
				SUPPORTED_PLATFORMS = "iphoneos iphonesimulator macosx";
				SWIFT_EMIT_LOC_STRINGS = NO;
				SWIFT_VERSION = 5.0;
				TARGETED_DEVICE_FAMILY = "1,2";
				TEST_HOST = "$(BUILT_PRODUCTS_DIR)/FlightSchedule.app/$(BUNDLE_EXECUTABLE_FOLDER_PATH)/FlightSchedule";
			};
			name = Debug;
		};
		A0C4D3592BBD5578004B0F1F /* Release */ = {
			isa = XCBuildConfiguration;
			buildSettings = {
				ALWAYS_EMBED_SWIFT_STANDARD_LIBRARIES = YES;
				BUNDLE_LOADER = "$(TEST_HOST)";
				CODE_SIGN_STYLE = Automatic;
				CURRENT_PROJECT_VERSION = 1;
				DEVELOPMENT_TEAM = 93FK67534U;
				GENERATE_INFOPLIST_FILE = YES;
				IPHONEOS_DEPLOYMENT_TARGET = 17.4;
				MACOSX_DEPLOYMENT_TARGET = 14.2;
				MARKETING_VERSION = 1.0;
				PRODUCT_BUNDLE_IDENTIFIER = com.fz.FlightScheduleTests;
				PRODUCT_NAME = "$(TARGET_NAME)";
				SDKROOT = auto;
				SUPPORTED_PLATFORMS = "iphoneos iphonesimulator macosx";
				SWIFT_EMIT_LOC_STRINGS = NO;
				SWIFT_VERSION = 5.0;
				TARGETED_DEVICE_FAMILY = "1,2";
				TEST_HOST = "$(BUILT_PRODUCTS_DIR)/FlightSchedule.app/$(BUNDLE_EXECUTABLE_FOLDER_PATH)/FlightSchedule";
			};
			name = Release;
		};
		A0C4D35B2BBD5578004B0F1F /* Debug */ = {
			isa = XCBuildConfiguration;
			buildSettings = {
				ALWAYS_EMBED_SWIFT_STANDARD_LIBRARIES = YES;
				CODE_SIGN_STYLE = Automatic;
				CURRENT_PROJECT_VERSION = 1;
				DEVELOPMENT_TEAM = 93FK67534U;
				GENERATE_INFOPLIST_FILE = YES;
				IPHONEOS_DEPLOYMENT_TARGET = 17.4;
				MACOSX_DEPLOYMENT_TARGET = 14.2;
				MARKETING_VERSION = 1.0;
				PRODUCT_BUNDLE_IDENTIFIER = com.fz.FlightScheduleUITests;
				PRODUCT_NAME = "$(TARGET_NAME)";
				SDKROOT = auto;
				SUPPORTED_PLATFORMS = "iphoneos iphonesimulator macosx";
				SWIFT_EMIT_LOC_STRINGS = NO;
				SWIFT_VERSION = 5.0;
				TARGETED_DEVICE_FAMILY = "1,2";
				TEST_TARGET_NAME = FlightSchedule;
			};
			name = Debug;
		};
		A0C4D35C2BBD5578004B0F1F /* Release */ = {
			isa = XCBuildConfiguration;
			buildSettings = {
				ALWAYS_EMBED_SWIFT_STANDARD_LIBRARIES = YES;
				CODE_SIGN_STYLE = Automatic;
				CURRENT_PROJECT_VERSION = 1;
				DEVELOPMENT_TEAM = 93FK67534U;
				GENERATE_INFOPLIST_FILE = YES;
				IPHONEOS_DEPLOYMENT_TARGET = 17.4;
				MACOSX_DEPLOYMENT_TARGET = 14.2;
				MARKETING_VERSION = 1.0;
				PRODUCT_BUNDLE_IDENTIFIER = com.fz.FlightScheduleUITests;
				PRODUCT_NAME = "$(TARGET_NAME)";
				SDKROOT = auto;
				SUPPORTED_PLATFORMS = "iphoneos iphonesimulator macosx";
				SWIFT_EMIT_LOC_STRINGS = NO;
				SWIFT_VERSION = 5.0;
				TARGETED_DEVICE_FAMILY = "1,2";
				TEST_TARGET_NAME = FlightSchedule;
			};
			name = Release;
		};
		A0C4D3C92BBEA143004B0F1F /* Debug */ = {
			isa = XCBuildConfiguration;
			buildSettings = {
				ASSETCATALOG_COMPILER_APPICON_NAME = AppIcon;
				ASSETCATALOG_COMPILER_GLOBAL_ACCENT_COLOR_NAME = AccentColor;
				CODE_SIGN_STYLE = Automatic;
				CURRENT_PROJECT_VERSION = 1;
				DEVELOPMENT_ASSET_PATHS = "\"FlightScheduleWatch Watch App/Preview Content\"";
				DEVELOPMENT_TEAM = 93FK67534U;
				ENABLE_PREVIEWS = YES;
				GENERATE_INFOPLIST_FILE = YES;
				INFOPLIST_KEY_CFBundleDisplayName = FlightScheduleWatch;
				INFOPLIST_KEY_UISupportedInterfaceOrientations = "UIInterfaceOrientationPortrait UIInterfaceOrientationPortraitUpsideDown";
				INFOPLIST_KEY_WKCompanionAppBundleIdentifier = com.fz.FlightSchedule;
				LD_RUNPATH_SEARCH_PATHS = (
					"$(inherited)",
					"@executable_path/Frameworks",
				);
				MARKETING_VERSION = 1.0;
				PRODUCT_BUNDLE_IDENTIFIER = com.fz.FlightSchedule.watchkitapp;
				PRODUCT_NAME = "$(TARGET_NAME)";
				SDKROOT = watchos;
				SKIP_INSTALL = YES;
				SWIFT_EMIT_LOC_STRINGS = YES;
				SWIFT_VERSION = 5.0;
				TARGETED_DEVICE_FAMILY = 4;
				WATCHOS_DEPLOYMENT_TARGET = 10.4;
			};
			name = Debug;
		};
		A0C4D3CA2BBEA143004B0F1F /* Release */ = {
			isa = XCBuildConfiguration;
			buildSettings = {
				ASSETCATALOG_COMPILER_APPICON_NAME = AppIcon;
				ASSETCATALOG_COMPILER_GLOBAL_ACCENT_COLOR_NAME = AccentColor;
				CODE_SIGN_STYLE = Automatic;
				CURRENT_PROJECT_VERSION = 1;
				DEVELOPMENT_ASSET_PATHS = "\"FlightScheduleWatch Watch App/Preview Content\"";
				DEVELOPMENT_TEAM = 93FK67534U;
				ENABLE_PREVIEWS = YES;
				GENERATE_INFOPLIST_FILE = YES;
				INFOPLIST_KEY_CFBundleDisplayName = FlightScheduleWatch;
				INFOPLIST_KEY_UISupportedInterfaceOrientations = "UIInterfaceOrientationPortrait UIInterfaceOrientationPortraitUpsideDown";
				INFOPLIST_KEY_WKCompanionAppBundleIdentifier = com.fz.FlightSchedule;
				LD_RUNPATH_SEARCH_PATHS = (
					"$(inherited)",
					"@executable_path/Frameworks",
				);
				MARKETING_VERSION = 1.0;
				PRODUCT_BUNDLE_IDENTIFIER = com.fz.FlightSchedule.watchkitapp;
				PRODUCT_NAME = "$(TARGET_NAME)";
				SDKROOT = watchos;
				SKIP_INSTALL = YES;
				SWIFT_EMIT_LOC_STRINGS = YES;
				SWIFT_VERSION = 5.0;
				TARGETED_DEVICE_FAMILY = 4;
				VALIDATE_PRODUCT = YES;
				WATCHOS_DEPLOYMENT_TARGET = 10.4;
			};
			name = Release;
		};
		A0C4D3CD2BBEA143004B0F1F /* Debug */ = {
			isa = XCBuildConfiguration;
			buildSettings = {
				ALWAYS_EMBED_SWIFT_STANDARD_LIBRARIES = YES;
				BUNDLE_LOADER = "$(TEST_HOST)";
				CODE_SIGN_STYLE = Automatic;
				CURRENT_PROJECT_VERSION = 1;
				DEVELOPMENT_TEAM = 93FK67534U;
				GENERATE_INFOPLIST_FILE = YES;
				MARKETING_VERSION = 1.0;
				PRODUCT_BUNDLE_IDENTIFIER = "com.fz.FlightScheduleWatch-Watch-AppTests";
				PRODUCT_NAME = "$(TARGET_NAME)";
				SDKROOT = watchos;
				SWIFT_EMIT_LOC_STRINGS = NO;
				SWIFT_VERSION = 5.0;
				TARGETED_DEVICE_FAMILY = 4;
				TEST_HOST = "$(BUILT_PRODUCTS_DIR)/FlightScheduleWatch Watch App.app/$(BUNDLE_EXECUTABLE_FOLDER_PATH)/FlightScheduleWatch Watch App";
				WATCHOS_DEPLOYMENT_TARGET = 10.4;
			};
			name = Debug;
		};
		A0C4D3CE2BBEA143004B0F1F /* Release */ = {
			isa = XCBuildConfiguration;
			buildSettings = {
				ALWAYS_EMBED_SWIFT_STANDARD_LIBRARIES = YES;
				BUNDLE_LOADER = "$(TEST_HOST)";
				CODE_SIGN_STYLE = Automatic;
				CURRENT_PROJECT_VERSION = 1;
				DEVELOPMENT_TEAM = 93FK67534U;
				GENERATE_INFOPLIST_FILE = YES;
				MARKETING_VERSION = 1.0;
				PRODUCT_BUNDLE_IDENTIFIER = "com.fz.FlightScheduleWatch-Watch-AppTests";
				PRODUCT_NAME = "$(TARGET_NAME)";
				SDKROOT = watchos;
				SWIFT_EMIT_LOC_STRINGS = NO;
				SWIFT_VERSION = 5.0;
				TARGETED_DEVICE_FAMILY = 4;
				TEST_HOST = "$(BUILT_PRODUCTS_DIR)/FlightScheduleWatch Watch App.app/$(BUNDLE_EXECUTABLE_FOLDER_PATH)/FlightScheduleWatch Watch App";
				VALIDATE_PRODUCT = YES;
				WATCHOS_DEPLOYMENT_TARGET = 10.4;
			};
			name = Release;
		};
		A0C4D3D02BBEA143004B0F1F /* Debug */ = {
			isa = XCBuildConfiguration;
			buildSettings = {
				ALWAYS_EMBED_SWIFT_STANDARD_LIBRARIES = YES;
				CODE_SIGN_STYLE = Automatic;
				CURRENT_PROJECT_VERSION = 1;
				DEVELOPMENT_TEAM = 93FK67534U;
				GENERATE_INFOPLIST_FILE = YES;
				MARKETING_VERSION = 1.0;
				PRODUCT_BUNDLE_IDENTIFIER = "com.fz.FlightScheduleWatch-Watch-AppUITests";
				PRODUCT_NAME = "$(TARGET_NAME)";
				SDKROOT = watchos;
				SWIFT_EMIT_LOC_STRINGS = NO;
				SWIFT_VERSION = 5.0;
				TARGETED_DEVICE_FAMILY = 4;
				TEST_TARGET_NAME = "FlightScheduleWatch Watch App";
				WATCHOS_DEPLOYMENT_TARGET = 10.4;
			};
			name = Debug;
		};
		A0C4D3D12BBEA143004B0F1F /* Release */ = {
			isa = XCBuildConfiguration;
			buildSettings = {
				ALWAYS_EMBED_SWIFT_STANDARD_LIBRARIES = YES;
				CODE_SIGN_STYLE = Automatic;
				CURRENT_PROJECT_VERSION = 1;
				DEVELOPMENT_TEAM = 93FK67534U;
				GENERATE_INFOPLIST_FILE = YES;
				MARKETING_VERSION = 1.0;
				PRODUCT_BUNDLE_IDENTIFIER = "com.fz.FlightScheduleWatch-Watch-AppUITests";
				PRODUCT_NAME = "$(TARGET_NAME)";
				SDKROOT = watchos;
				SWIFT_EMIT_LOC_STRINGS = NO;
				SWIFT_VERSION = 5.0;
				TARGETED_DEVICE_FAMILY = 4;
				TEST_TARGET_NAME = "FlightScheduleWatch Watch App";
				VALIDATE_PRODUCT = YES;
				WATCHOS_DEPLOYMENT_TARGET = 10.4;
			};
			name = Release;
		};
/* End XCBuildConfiguration section */

/* Begin XCConfigurationList section */
		A0C4D3252BBD5575004B0F1F /* Build configuration list for PBXProject "FlightSchedule" */ = {
			isa = XCConfigurationList;
			buildConfigurations = (
				A0C4D3522BBD5578004B0F1F /* Debug */,
				A0C4D3532BBD5578004B0F1F /* Release */,
			);
			defaultConfigurationIsVisible = 0;
			defaultConfigurationName = Release;
		};
		A0C4D3542BBD5578004B0F1F /* Build configuration list for PBXNativeTarget "FlightSchedule" */ = {
			isa = XCConfigurationList;
			buildConfigurations = (
				A0C4D3552BBD5578004B0F1F /* Debug */,
				A0C4D3562BBD5578004B0F1F /* Release */,
			);
			defaultConfigurationIsVisible = 0;
			defaultConfigurationName = Release;
		};
		A0C4D3572BBD5578004B0F1F /* Build configuration list for PBXNativeTarget "FlightScheduleTests" */ = {
			isa = XCConfigurationList;
			buildConfigurations = (
				A0C4D3582BBD5578004B0F1F /* Debug */,
				A0C4D3592BBD5578004B0F1F /* Release */,
			);
			defaultConfigurationIsVisible = 0;
			defaultConfigurationName = Release;
		};
		A0C4D35A2BBD5578004B0F1F /* Build configuration list for PBXNativeTarget "FlightScheduleUITests" */ = {
			isa = XCConfigurationList;
			buildConfigurations = (
				A0C4D35B2BBD5578004B0F1F /* Debug */,
				A0C4D35C2BBD5578004B0F1F /* Release */,
			);
			defaultConfigurationIsVisible = 0;
			defaultConfigurationName = Release;
		};
		A0C4D3C82BBEA143004B0F1F /* Build configuration list for PBXNativeTarget "FlightScheduleWatch Watch App" */ = {
			isa = XCConfigurationList;
			buildConfigurations = (
				A0C4D3C92BBEA143004B0F1F /* Debug */,
				A0C4D3CA2BBEA143004B0F1F /* Release */,
			);
			defaultConfigurationIsVisible = 0;
			defaultConfigurationName = Release;
		};
		A0C4D3CC2BBEA143004B0F1F /* Build configuration list for PBXNativeTarget "FlightScheduleWatch Watch AppTests" */ = {
			isa = XCConfigurationList;
			buildConfigurations = (
				A0C4D3CD2BBEA143004B0F1F /* Debug */,
				A0C4D3CE2BBEA143004B0F1F /* Release */,
			);
			defaultConfigurationIsVisible = 0;
			defaultConfigurationName = Release;
		};
		A0C4D3CF2BBEA143004B0F1F /* Build configuration list for PBXNativeTarget "FlightScheduleWatch Watch AppUITests" */ = {
			isa = XCConfigurationList;
			buildConfigurations = (
				A0C4D3D02BBEA143004B0F1F /* Debug */,
				A0C4D3D12BBEA143004B0F1F /* Release */,
			);
			defaultConfigurationIsVisible = 0;
			defaultConfigurationName = Release;
		};
/* End XCConfigurationList section */

/* Begin XCVersionGroup section */
		A0C4D3312BBD5576004B0F1F /* FlightSchedule.xcdatamodeld */ = {
			isa = XCVersionGroup;
			children = (
				A0C4D3322BBD5576004B0F1F /* FlightSchedule.xcdatamodel */,
			);
			currentVersion = A0C4D3322BBD5576004B0F1F /* FlightSchedule.xcdatamodel */;
			path = FlightSchedule.xcdatamodeld;
			sourceTree = "<group>";
			versionGroupType = wrapper.xcdatamodel;
		};
/* End XCVersionGroup section */
	};
	rootObject = A0C4D3222BBD5575004B0F1F /* Project object */;
}
